
Microsoft Visual Studio Solution File, Format Version 12.00
# Visual Studio Version 17
VisualStudioVersion = 17.1.32414.318
MinimumVisualStudioVersion = 10.0.40219.1
Project("{FAE04EC0-301F-11D3-BF4B-00C04F79EFBC}") = "QLBANHANGPRO", "QLBANHANGPRO\QLBANHANGPRO.csproj", "{0AE8B5AF-E975-4BAF-93F4-FA7BD51441B4}"
EndProject
Global
	GlobalSection(SolutionConfigurationPlatforms) = preSolution
		Debug|Any CPU = Debug|Any CPU
		Release|Any CPU = Release|Any CPU
	EndGlobalSection
	GlobalSection(ProjectConfigurationPlatforms) = postSolution
		{0AE8B5AF-E975-4BAF-93F4-FA7BD51441B4}.Debug|Any CPU.ActiveCfg = Debug|Any CPU
		{0AE8B5AF-E975-4BAF-93F4-FA7BD51441B4}.Debug|Any CPU.Build.0 = Debug|Any CPU
		{0AE8B5AF-E975-4BAF-93F4-FA7BD51441B4}.Release|Any CPU.ActiveCfg = Release|Any CPU
		{0AE8B5AF-E975-4BAF-93F4-FA7BD51441B4}.Release|Any CPU.Build.0 = Release|Any CPU
	EndGlobalSection
	GlobalSection(SolutionProperties) = preSolution
		HideSolutionNode = FALSE
	EndGlobalSection
	GlobalSection(ExtensibilityGlobals) = postSolution
		SolutionGuid = {A9F25B58-9073-48EB-A6FC-4A58DE95AF7C}
	EndGlobalSection
EndGlobal
